
Microsoft Visual Studio Solution File, Format Version 12.00
# Visual Studio Version 16
VisualStudioVersion = 16.0.32002.261
MinimumVisualStudioVersion = 10.0.40219.1
Project("{FAE04EC0-301F-11D3-BF4B-00C04F79EFBC}") = "Quiz1", "Quiz1.csproj", "{A7A60586-BF8B-4D00-87C5-6705D74B7209}"
EndProject
Global
	GlobalSection(SolutionConfigurationPlatforms) = preSolution
		Debug|Any CPU = Debug|Any CPU
		Release|Any CPU = Release|Any CPU
	EndGlobalSection
	GlobalSection(ProjectConfigurationPlatforms) = postSolution
		{A7A60586-BF8B-4D00-87C5-6705D74B7209}.Debug|Any CPU.ActiveCfg = Debug|Any CPU
		{A7A60586-BF8B-4D00-87C5-6705D74B7209}.Debug|Any CPU.Build.0 = Debug|Any CPU
		{A7A60586-BF8B-4D00-87C5-6705D74B7209}.Release|Any CPU.ActiveCfg = Release|Any CPU
		{A7A60586-BF8B-4D00-87C5-6705D74B7209}.Release|Any CPU.Build.0 = Release|Any CPU
	EndGlobalSection
	GlobalSection(SolutionProperties) = preSolution
		HideSolutionNode = FALSE
	EndGlobalSection
	GlobalSection(ExtensibilityGlobals) = postSolution
		SolutionGuid = {223FB647-3775-4F30-B4D8-39529F8D2BA3}
	EndGlobalSection
EndGlobal
